
Microsoft Visual Studio Solution File, Format Version 12.00
# Visual Studio Version 17
VisualStudioVersion = 17.2.32630.192
MinimumVisualStudioVersion = 10.0.40219.1
Project("{FAE04EC0-301F-11D3-BF4B-00C04F79EFBC}") = "CRUDusingdapperwebapi", "CRUDusingdapperwebapi\CRUDusingdapperwebapi.csproj", "{D26C5AD8-1577-4C3C-9223-508EE22C5D3D}"
EndProject
Global
	GlobalSection(SolutionConfigurationPlatforms) = preSolution
		Debug|Any CPU = Debug|Any CPU
		Release|Any CPU = Release|Any CPU
	EndGlobalSection
	GlobalSection(ProjectConfigurationPlatforms) = postSolution
		{D26C5AD8-1577-4C3C-9223-508EE22C5D3D}.Debug|Any CPU.ActiveCfg = Debug|Any CPU
		{D26C5AD8-1577-4C3C-9223-508EE22C5D3D}.Debug|Any CPU.Build.0 = Debug|Any CPU
		{D26C5AD8-1577-4C3C-9223-508EE22C5D3D}.Release|Any CPU.ActiveCfg = Release|Any CPU
		{D26C5AD8-1577-4C3C-9223-508EE22C5D3D}.Release|Any CPU.Build.0 = Release|Any CPU
	EndGlobalSection
	GlobalSection(SolutionProperties) = preSolution
		HideSolutionNode = FALSE
	EndGlobalSection
	GlobalSection(ExtensibilityGlobals) = postSolution
		SolutionGuid = {B6684A4B-6A5F-4C6A-9850-9AAD3FA7E84B}
	EndGlobalSection
EndGlobal
